
Microsoft Visual Studio Solution File, Format Version 12.00
# Visual Studio Version 17
VisualStudioVersion = 17.2.32427.441
MinimumVisualStudioVersion = 10.0.40219.1
Project("{FAE04EC0-301F-11D3-BF4B-00C04F79EFBC}") = "HotMExternal0CommonCode", "HotMExternal0CommonCode\HotMExternal0CommonCode.csproj", "{CF5C1EDE-E953-46AF-B818-CC6B49226779}"
EndProject
Project("{FAE04EC0-301F-11D3-BF4B-00C04F79EFBC}") = "HotMExternalAbstractSim", "HotMExternalAbstractSim\HotMExternalAbstractSim.csproj", "{E6BB9592-91B8-43D2-A657-16B8194FAAEB}"
EndProject
Project("{FAE04EC0-301F-11D3-BF4B-00C04F79EFBC}") = "HotMExternalVisualizationCode", "HotMExternalVisualizationCode\HotMExternalVisualizationCode.csproj", "{CF5C0EDE-E953-46AF-B818-CC6B49226780}"
EndProject
Project("{FAE04EC0-301F-11D3-BF4B-00C04F79EFBC}") = "Mod_External_FFU_RoSAI", "Mod_External_FFU_RoSAI\Mod_External_FFU_RoSAI.csproj", "{9D22067C-248A-4630-B125-FB2449612E39}"
EndProject
Project("{FAE04EC0-301F-11D3-BF4B-00C04F79EFBC}") = "Lib_External_FFU_RoSAI", "Lib_External_FFU_RoSAI\Lib_External_FFU_RoSAI.csproj", "{30BDEED0-D005-4376-B808-BF2E47D76C14}"
EndProject
Global
	GlobalSection(SolutionConfigurationPlatforms) = preSolution
		Debug|Any CPU = Debug|Any CPU
		Release|Any CPU = Release|Any CPU
	EndGlobalSection
	GlobalSection(ProjectConfigurationPlatforms) = postSolution
		{CF5C1EDE-E953-46AF-B818-CC6B49226779}.Debug|Any CPU.ActiveCfg = Debug|Any CPU
		{CF5C1EDE-E953-46AF-B818-CC6B49226779}.Release|Any CPU.ActiveCfg = Release|Any CPU
		{CF5C1EDE-E953-46AF-B818-CC6B49226779}.Release|Any CPU.Build.0 = Release|Any CPU
		{E6BB9592-91B8-43D2-A657-16B8194FAAEB}.Debug|Any CPU.ActiveCfg = Debug|Any CPU
		{E6BB9592-91B8-43D2-A657-16B8194FAAEB}.Release|Any CPU.ActiveCfg = Release|Any CPU
		{E6BB9592-91B8-43D2-A657-16B8194FAAEB}.Release|Any CPU.Build.0 = Release|Any CPU
		{CF5C0EDE-E953-46AF-B818-CC6B49226780}.Debug|Any CPU.ActiveCfg = Debug|Any CPU
		{CF5C0EDE-E953-46AF-B818-CC6B49226780}.Release|Any CPU.ActiveCfg = Release|Any CPU
		{CF5C0EDE-E953-46AF-B818-CC6B49226780}.Release|Any CPU.Build.0 = Release|Any CPU
		{9D22067C-248A-4630-B125-FB2449612E39}.Debug|Any CPU.ActiveCfg = Debug|Any CPU
		{9D22067C-248A-4630-B125-FB2449612E39}.Debug|Any CPU.Build.0 = Debug|Any CPU
		{9D22067C-248A-4630-B125-FB2449612E39}.Release|Any CPU.ActiveCfg = Release|Any CPU
		{9D22067C-248A-4630-B125-FB2449612E39}.Release|Any CPU.Build.0 = Release|Any CPU
		{30BDEED0-D005-4376-B808-BF2E47D76C14}.Debug|Any CPU.ActiveCfg = Debug|Any CPU
		{30BDEED0-D005-4376-B808-BF2E47D76C14}.Debug|Any CPU.Build.0 = Debug|Any CPU
		{30BDEED0-D005-4376-B808-BF2E47D76C14}.Release|Any CPU.ActiveCfg = Release|Any CPU
		{30BDEED0-D005-4376-B808-BF2E47D76C14}.Release|Any CPU.Build.0 = Release|Any CPU
	EndGlobalSection
	GlobalSection(SolutionProperties) = preSolution
		HideSolutionNode = FALSE
	EndGlobalSection
	GlobalSection(ExtensibilityGlobals) = postSolution
		SolutionGuid = {23EC6DEF-FE1A-46B3-B723-2494EDED16AE}
		VisualSVNWorkingCopyRoot = .
	EndGlobalSection
EndGlobal
